
Microsoft Visual Studio Solution File, Format Version 12.00
# Visual Studio 2012
Project("{FAE04EC0-301F-11D3-BF4B-00C04F79EFBC}") = "CaclulateTest", "CaclulateTest\CaclulateTest.csproj", "{78905474-2244-4DC1-B9ED-1D6AF683B7B5}"
EndProject
Global
	GlobalSection(SolutionConfigurationPlatforms) = preSolution
		Debug|Any CPU = Debug|Any CPU
		Release|Any CPU = Release|Any CPU
	EndGlobalSection
	GlobalSection(ProjectConfigurationPlatforms) = postSolution
		{78905474-2244-4DC1-B9ED-1D6AF683B7B5}.Debug|Any CPU.ActiveCfg = Debug|Any CPU
		{78905474-2244-4DC1-B9ED-1D6AF683B7B5}.Debug|Any CPU.Build.0 = Debug|Any CPU
		{78905474-2244-4DC1-B9ED-1D6AF683B7B5}.Release|Any CPU.ActiveCfg = Release|Any CPU
		{78905474-2244-4DC1-B9ED-1D6AF683B7B5}.Release|Any CPU.Build.0 = Release|Any CPU
	EndGlobalSection
	GlobalSection(SolutionProperties) = preSolution
		HideSolutionNode = FALSE
	EndGlobalSection
EndGlobal
