
Microsoft Visual Studio Solution File, Format Version 12.00
# Visual Studio Version 16
VisualStudioVersion = 16.0.30413.136
MinimumVisualStudioVersion = 10.0.40219.1
Project("{FAE04EC0-301F-11D3-BF4B-00C04F79EFBC}") = "DefaultInterfaceMethod", "DefaultInterfaceMethod\DefaultInterfaceMethod.csproj", "{DAEF8F51-FF33-4F2F-8EFA-3394B1EBD189}"
EndProject
Global
	GlobalSection(SolutionConfigurationPlatforms) = preSolution
		Debug|Any CPU = Debug|Any CPU
		Release|Any CPU = Release|Any CPU
	EndGlobalSection
	GlobalSection(ProjectConfigurationPlatforms) = postSolution
		{DAEF8F51-FF33-4F2F-8EFA-3394B1EBD189}.Debug|Any CPU.ActiveCfg = Debug|Any CPU
		{DAEF8F51-FF33-4F2F-8EFA-3394B1EBD189}.Debug|Any CPU.Build.0 = Debug|Any CPU
		{DAEF8F51-FF33-4F2F-8EFA-3394B1EBD189}.Release|Any CPU.ActiveCfg = Release|Any CPU
		{DAEF8F51-FF33-4F2F-8EFA-3394B1EBD189}.Release|Any CPU.Build.0 = Release|Any CPU
	EndGlobalSection
	GlobalSection(SolutionProperties) = preSolution
		HideSolutionNode = FALSE
	EndGlobalSection
	GlobalSection(ExtensibilityGlobals) = postSolution
		SolutionGuid = {65ED44FA-2D27-48E2-8E9F-DC0F65B38777}
	EndGlobalSection
EndGlobal
